
Microsoft Visual Studio Solution File, Format Version 11.00
# Visual Studio 2010
Project("{FAE04EC0-301F-11D3-BF4B-00C04F79EFBC}") = "PusherClientDotNetDemo", "PusherClientDotNetDemo\PusherClientDotNetDemo.csproj", "{EAD14313-4251-443D-9A20-6FE80FC9AD94}"
EndProject
Project("{FAE04EC0-301F-11D3-BF4B-00C04F79EFBC}") = "PusherClientDotNet", "PusherClientDotNet\PusherClientDotNet.csproj", "{37136304-0189-4957-8E29-1A0172E764E2}"
EndProject
Project("{FAE04EC0-301F-11D3-BF4B-00C04F79EFBC}") = "Microsoft.ServiceModel.WebSockets.Silverlight", "Microsoft.ServiceModel.WebSockets.Silverlight\Microsoft.ServiceModel.WebSockets.Silverlight.csproj", "{AE146660-F5A4-47AD-8595-76E7C45A20D3}"
EndProject
Project("{FAE04EC0-301F-11D3-BF4B-00C04F79EFBC}") = "PusherClientSilverlight", "PusherClientSilverlight\PusherClientSilverlight.csproj", "{C5E07A83-AB56-466D-B00A-A64893336FD1}"
EndProject
Project("{FAE04EC0-301F-11D3-BF4B-00C04F79EFBC}") = "PusherSilverlightTestApp", "PusherSilverlightTestApp\PusherSilverlightTestApp.csproj", "{C5B9F427-E5FC-451A-B622-AF433415403A}"
EndProject
Project("{FAE04EC0-301F-11D3-BF4B-00C04F79EFBC}") = "PusherSilverlightTestApp.Web", "PusherSilverlightTestApp.Web\PusherSilverlightTestApp.Web.csproj", "{A14E827E-A41E-4AF3-ACF4-9B9061BDA898}"
EndProject
Project("{FAE04EC0-301F-11D3-BF4B-00C04F79EFBC}") = "Pusher.Authentication", "Pusher.Authentication\Pusher.Authentication.csproj", "{EE2B44C5-AAC6-45DD-9669-2E54DF432C35}"
EndProject
Project("{2150E333-8FDC-42A3-9474-1A3956D46DE8}") = "Files", "Files", "{76FC8EA0-DF5E-41DA-B869-9A9B435B5858}"
	ProjectSection(SolutionItems) = preProject
		.gitignore = .gitignore
		clientaccesspolicy.xml = clientaccesspolicy.xml
		LICENSE = LICENSE
		README.md = README.md
	EndProjectSection
EndProject
Global
	GlobalSection(SolutionConfigurationPlatforms) = preSolution
		Debug|Any CPU = Debug|Any CPU
		Debug|Mixed Platforms = Debug|Mixed Platforms
		Debug|x86 = Debug|x86
		Release|Any CPU = Release|Any CPU
		Release|Mixed Platforms = Release|Mixed Platforms
		Release|x86 = Release|x86
	EndGlobalSection
	GlobalSection(ProjectConfigurationPlatforms) = postSolution
		{EAD14313-4251-443D-9A20-6FE80FC9AD94}.Debug|Any CPU.ActiveCfg = Debug|x86
		{EAD14313-4251-443D-9A20-6FE80FC9AD94}.Debug|Mixed Platforms.ActiveCfg = Debug|x86
		{EAD14313-4251-443D-9A20-6FE80FC9AD94}.Debug|Mixed Platforms.Build.0 = Debug|x86
		{EAD14313-4251-443D-9A20-6FE80FC9AD94}.Debug|x86.ActiveCfg = Debug|x86
		{EAD14313-4251-443D-9A20-6FE80FC9AD94}.Debug|x86.Build.0 = Debug|x86
		{EAD14313-4251-443D-9A20-6FE80FC9AD94}.Release|Any CPU.ActiveCfg = Release|x86
		{EAD14313-4251-443D-9A20-6FE80FC9AD94}.Release|Mixed Platforms.ActiveCfg = Release|x86
		{EAD14313-4251-443D-9A20-6FE80FC9AD94}.Release|Mixed Platforms.Build.0 = Release|x86
		{EAD14313-4251-443D-9A20-6FE80FC9AD94}.Release|x86.ActiveCfg = Release|x86
		{EAD14313-4251-443D-9A20-6FE80FC9AD94}.Release|x86.Build.0 = Release|x86
		{37136304-0189-4957-8E29-1A0172E764E2}.Debug|Any CPU.ActiveCfg = Debug|Any CPU
		{37136304-0189-4957-8E29-1A0172E764E2}.Debug|Any CPU.Build.0 = Debug|Any CPU
		{37136304-0189-4957-8E29-1A0172E764E2}.Debug|Mixed Platforms.ActiveCfg = Debug|Any CPU
		{37136304-0189-4957-8E29-1A0172E764E2}.Debug|Mixed Platforms.Build.0 = Debug|Any CPU
		{37136304-0189-4957-8E29-1A0172E764E2}.Debug|x86.ActiveCfg = Debug|Any CPU
		{37136304-0189-4957-8E29-1A0172E764E2}.Release|Any CPU.ActiveCfg = Release|Any CPU
		{37136304-0189-4957-8E29-1A0172E764E2}.Release|Any CPU.Build.0 = Release|Any CPU
		{37136304-0189-4957-8E29-1A0172E764E2}.Release|Mixed Platforms.ActiveCfg = Release|Any CPU
		{37136304-0189-4957-8E29-1A0172E764E2}.Release|Mixed Platforms.Build.0 = Release|Any CPU
		{37136304-0189-4957-8E29-1A0172E764E2}.Release|x86.ActiveCfg = Release|Any CPU
		{AE146660-F5A4-47AD-8595-76E7C45A20D3}.Debug|Any CPU.ActiveCfg = Debug|Any CPU
		{AE146660-F5A4-47AD-8595-76E7C45A20D3}.Debug|Any CPU.Build.0 = Debug|Any CPU
		{AE146660-F5A4-47AD-8595-76E7C45A20D3}.Debug|Mixed Platforms.ActiveCfg = Debug|Any CPU
		{AE146660-F5A4-47AD-8595-76E7C45A20D3}.Debug|Mixed Platforms.Build.0 = Debug|Any CPU
		{AE146660-F5A4-47AD-8595-76E7C45A20D3}.Debug|x86.ActiveCfg = Debug|Any CPU
		{AE146660-F5A4-47AD-8595-76E7C45A20D3}.Release|Any CPU.ActiveCfg = Release|Any CPU
		{AE146660-F5A4-47AD-8595-76E7C45A20D3}.Release|Any CPU.Build.0 = Release|Any CPU
		{AE146660-F5A4-47AD-8595-76E7C45A20D3}.Release|Mixed Platforms.ActiveCfg = Release|Any CPU
		{AE146660-F5A4-47AD-8595-76E7C45A20D3}.Release|Mixed Platforms.Build.0 = Release|Any CPU
		{AE146660-F5A4-47AD-8595-76E7C45A20D3}.Release|x86.ActiveCfg = Release|Any CPU
		{C5E07A83-AB56-466D-B00A-A64893336FD1}.Debug|Any CPU.ActiveCfg = Debug|Any CPU
		{C5E07A83-AB56-466D-B00A-A64893336FD1}.Debug|Any CPU.Build.0 = Debug|Any CPU
		{C5E07A83-AB56-466D-B00A-A64893336FD1}.Debug|Mixed Platforms.ActiveCfg = Debug|Any CPU
		{C5E07A83-AB56-466D-B00A-A64893336FD1}.Debug|Mixed Platforms.Build.0 = Debug|Any CPU
		{C5E07A83-AB56-466D-B00A-A64893336FD1}.Debug|x86.ActiveCfg = Debug|Any CPU
		{C5E07A83-AB56-466D-B00A-A64893336FD1}.Release|Any CPU.ActiveCfg = Release|Any CPU
		{C5E07A83-AB56-466D-B00A-A64893336FD1}.Release|Any CPU.Build.0 = Release|Any CPU
		{C5E07A83-AB56-466D-B00A-A64893336FD1}.Release|Mixed Platforms.ActiveCfg = Release|Any CPU
		{C5E07A83-AB56-466D-B00A-A64893336FD1}.Release|Mixed Platforms.Build.0 = Release|Any CPU
		{C5E07A83-AB56-466D-B00A-A64893336FD1}.Release|x86.ActiveCfg = Release|Any CPU
		{C5B9F427-E5FC-451A-B622-AF433415403A}.Debug|Any CPU.ActiveCfg = Debug|Any CPU
		{C5B9F427-E5FC-451A-B622-AF433415403A}.Debug|Any CPU.Build.0 = Debug|Any CPU
		{C5B9F427-E5FC-451A-B622-AF433415403A}.Debug|Mixed Platforms.ActiveCfg = Debug|Any CPU
		{C5B9F427-E5FC-451A-B622-AF433415403A}.Debug|Mixed Platforms.Build.0 = Debug|Any CPU
		{C5B9F427-E5FC-451A-B622-AF433415403A}.Debug|x86.ActiveCfg = Debug|Any CPU
		{C5B9F427-E5FC-451A-B622-AF433415403A}.Release|Any CPU.ActiveCfg = Release|Any CPU
		{C5B9F427-E5FC-451A-B622-AF433415403A}.Release|Any CPU.Build.0 = Release|Any CPU
		{C5B9F427-E5FC-451A-B622-AF433415403A}.Release|Mixed Platforms.ActiveCfg = Release|Any CPU
		{C5B9F427-E5FC-451A-B622-AF433415403A}.Release|Mixed Platforms.Build.0 = Release|Any CPU
		{C5B9F427-E5FC-451A-B622-AF433415403A}.Release|x86.ActiveCfg = Release|Any CPU
		{A14E827E-A41E-4AF3-ACF4-9B9061BDA898}.Debug|Any CPU.ActiveCfg = Debug|Any CPU
		{A14E827E-A41E-4AF3-ACF4-9B9061BDA898}.Debug|Any CPU.Build.0 = Debug|Any CPU
		{A14E827E-A41E-4AF3-ACF4-9B9061BDA898}.Debug|Mixed Platforms.ActiveCfg = Debug|Any CPU
		{A14E827E-A41E-4AF3-ACF4-9B9061BDA898}.Debug|Mixed Platforms.Build.0 = Debug|Any CPU
		{A14E827E-A41E-4AF3-ACF4-9B9061BDA898}.Debug|x86.ActiveCfg = Debug|Any CPU
		{A14E827E-A41E-4AF3-ACF4-9B9061BDA898}.Release|Any CPU.ActiveCfg = Release|Any CPU
		{A14E827E-A41E-4AF3-ACF4-9B9061BDA898}.Release|Any CPU.Build.0 = Release|Any CPU
		{A14E827E-A41E-4AF3-ACF4-9B9061BDA898}.Release|Mixed Platforms.ActiveCfg = Release|Any CPU
		{A14E827E-A41E-4AF3-ACF4-9B9061BDA898}.Release|Mixed Platforms.Build.0 = Release|Any CPU
		{A14E827E-A41E-4AF3-ACF4-9B9061BDA898}.Release|x86.ActiveCfg = Release|Any CPU
		{EE2B44C5-AAC6-45DD-9669-2E54DF432C35}.Debug|Any CPU.ActiveCfg = Debug|Any CPU
		{EE2B44C5-AAC6-45DD-9669-2E54DF432C35}.Debug|Any CPU.Build.0 = Debug|Any CPU
		{EE2B44C5-AAC6-45DD-9669-2E54DF432C35}.Debug|Mixed Platforms.ActiveCfg = Debug|Any CPU
		{EE2B44C5-AAC6-45DD-9669-2E54DF432C35}.Debug|Mixed Platforms.Build.0 = Debug|Any CPU
		{EE2B44C5-AAC6-45DD-9669-2E54DF432C35}.Debug|x86.ActiveCfg = Debug|Any CPU
		{EE2B44C5-AAC6-45DD-9669-2E54DF432C35}.Release|Any CPU.ActiveCfg = Release|Any CPU
		{EE2B44C5-AAC6-45DD-9669-2E54DF432C35}.Release|Any CPU.Build.0 = Release|Any CPU
		{EE2B44C5-AAC6-45DD-9669-2E54DF432C35}.Release|Mixed Platforms.ActiveCfg = Release|Any CPU
		{EE2B44C5-AAC6-45DD-9669-2E54DF432C35}.Release|Mixed Platforms.Build.0 = Release|Any CPU
		{EE2B44C5-AAC6-45DD-9669-2E54DF432C35}.Release|x86.ActiveCfg = Release|Any CPU
	EndGlobalSection
	GlobalSection(SolutionProperties) = preSolution
		HideSolutionNode = FALSE
	EndGlobalSection
EndGlobal
